
Microsoft Visual Studio Solution File, Format Version 12.00
# Visual Studio 14
VisualStudioVersion = 14.0.25420.1
MinimumVisualStudioVersion = 10.0.40219.1
Project("{FAE04EC0-301F-11D3-BF4B-00C04F79EFBC}") = "TestProjectOne", "TestProjectOne\TestProjectOne.csproj", "{2CAB81BB-C9C2-42E7-AC55-63EC457E7A8B}"
EndProject
Project("{FAE04EC0-301F-11D3-BF4B-00C04F79EFBC}") = "TestProjectTwo", "TestProjectTwo\TestProjectTwo.csproj", "{AFC42395-78E9-45E4-9B1B-45A1F04F5C18}"
EndProject
Global
	GlobalSection(SolutionConfigurationPlatforms) = preSolution
		Debug|Any CPU = Debug|Any CPU
		Release|Any CPU = Release|Any CPU
	EndGlobalSection
	GlobalSection(ProjectConfigurationPlatforms) = postSolution
		{2CAB81BB-C9C2-42E7-AC55-63EC457E7A8B}.Debug|Any CPU.ActiveCfg = Debug|Any CPU
		{2CAB81BB-C9C2-42E7-AC55-63EC457E7A8B}.Debug|Any CPU.Build.0 = Debug|Any CPU
		{2CAB81BB-C9C2-42E7-AC55-63EC457E7A8B}.Release|Any CPU.ActiveCfg = Release|Any CPU
		{2CAB81BB-C9C2-42E7-AC55-63EC457E7A8B}.Release|Any CPU.Build.0 = Release|Any CPU
		{AFC42395-78E9-45E4-9B1B-45A1F04F5C18}.Debug|Any CPU.ActiveCfg = Debug|Any CPU
		{AFC42395-78E9-45E4-9B1B-45A1F04F5C18}.Debug|Any CPU.Build.0 = Debug|Any CPU
		{AFC42395-78E9-45E4-9B1B-45A1F04F5C18}.Release|Any CPU.ActiveCfg = Release|Any CPU
		{AFC42395-78E9-45E4-9B1B-45A1F04F5C18}.Release|Any CPU.Build.0 = Release|Any CPU
	EndGlobalSection
	GlobalSection(SolutionProperties) = preSolution
		HideSolutionNode = FALSE
	EndGlobalSection
EndGlobal
